
Microsoft Visual Studio Solution File, Format Version 12.00
# Visual Studio Version 16
VisualStudioVersion = 16.0.808.1
MinimumVisualStudioVersion = 10.0.40219.1
Project("{9A19103F-16F7-4668-BE54-9A1E7A4F7556}") = "Buurtapp", "Buurtapp\Buurtapp.csproj", "{4A65631A-2952-4F91-B393-828983320D71}"
EndProject
Project("{FAE04EC0-301F-11D3-BF4B-00C04F79EFBC}") = "Buurtapptest", "Buurtapptest\Buurtapptest.csproj", "{38113E6B-B391-4741-981A-4768F0D24DC9}"
EndProject
Global
	GlobalSection(SolutionConfigurationPlatforms) = preSolution
		Debug|Any CPU = Debug|Any CPU
		Release|Any CPU = Release|Any CPU
	EndGlobalSection
	GlobalSection(ProjectConfigurationPlatforms) = postSolution
		{4A65631A-2952-4F91-B393-828983320D71}.Debug|Any CPU.ActiveCfg = Debug|Any CPU
		{4A65631A-2952-4F91-B393-828983320D71}.Debug|Any CPU.Build.0 = Debug|Any CPU
		{4A65631A-2952-4F91-B393-828983320D71}.Release|Any CPU.ActiveCfg = Release|Any CPU
		{4A65631A-2952-4F91-B393-828983320D71}.Release|Any CPU.Build.0 = Release|Any CPU
		{38113E6B-B391-4741-981A-4768F0D24DC9}.Debug|Any CPU.ActiveCfg = Debug|Any CPU
		{38113E6B-B391-4741-981A-4768F0D24DC9}.Debug|Any CPU.Build.0 = Debug|Any CPU
		{38113E6B-B391-4741-981A-4768F0D24DC9}.Release|Any CPU.ActiveCfg = Release|Any CPU
		{38113E6B-B391-4741-981A-4768F0D24DC9}.Release|Any CPU.Build.0 = Release|Any CPU
	EndGlobalSection
	GlobalSection(SolutionProperties) = preSolution
		HideSolutionNode = FALSE
	EndGlobalSection
	GlobalSection(ExtensibilityGlobals) = postSolution
		SolutionGuid = {9D045BCD-BAF1-4517-88BE-780B0BB2F6BF}
	EndGlobalSection
EndGlobal
